
Microsoft Visual Studio Solution File, Format Version 12.00
# Visual Studio Version 16
VisualStudioVersion = 16.0.31424.327
MinimumVisualStudioVersion = 10.0.40219.1
Project("{9A19103F-16F7-4668-BE54-9A1E7A4F7556}") = "APS.EFDataAccessLibrary", "EFDataAccessLibrary\APS.EFDataAccessLibrary.csproj", "{E26517ED-77CF-467C-810A-9113B69F76A3}"
EndProject
Project("{9A19103F-16F7-4668-BE54-9A1E7A4F7556}") = "APS.Web", "WebApi\APS.Web.csproj", "{26C786D2-4660-4B89-922C-0F4D1E1A1544}"
EndProject
Project("{9A19103F-16F7-4668-BE54-9A1E7A4F7556}") = "APS.PDFConverter.DocxFormatter", "Doc.DocxFormatter\APS.PDFConverter.DocxFormatter.csproj", "{DBCD3A62-C8C8-4EC0-ABEA-DDED2CD1CC9B}"
EndProject
Project("{9A19103F-16F7-4668-BE54-9A1E7A4F7556}") = "APS.PDFConverter.Formatter", "Doc.Formatter\APS.PDFConverter.Formatter.csproj", "{E4C6D41F-40AD-4D3E-935E-7C5A67DB4A0B}"
EndProject
Project("{9A19103F-16F7-4668-BE54-9A1E7A4F7556}") = "APS.PDFConverter.Interfaces", "Doc.Interfaces\APS.PDFConverter.Interfaces.csproj", "{C133F27E-852C-4626-9139-F55A838D43E8}"
EndProject
Project("{9A19103F-16F7-4668-BE54-9A1E7A4F7556}") = "APS.PDFConverter.Models", "Doc.Models\APS.PDFConverter.Models.csproj", "{FC541FD3-7482-48F3-8F71-B637D4EDF7CE}"
EndProject
Project("{9A19103F-16F7-4668-BE54-9A1E7A4F7556}") = "APS.PDFConverter.PdfFormatter", "Doc.PdfFormatter\APS.PDFConverter.PdfFormatter.csproj", "{81226239-31D7-4779-A5B2-D14AA1E10CB0}"
EndProject
Project("{9A19103F-16F7-4668-BE54-9A1E7A4F7556}") = "APS.PDFConverter.Utils", "Doc.Utils\APS.PDFConverter.Utils.csproj", "{920C195F-89A7-480B-BB69-69802CB358B3}"
EndProject
Project("{9A19103F-16F7-4668-BE54-9A1E7A4F7556}") = "APS.Core", "Logic\APS.Core.csproj", "{EEEEA2F2-DD72-47CA-B366-C4CA7C52CE8F}"
EndProject
Project("{FAE04EC0-301F-11D3-BF4B-00C04F79EFBC}") = "APS.Domain", "APS.Domain\APS.Domain.csproj", "{3A49A1F8-F205-4DAE-A8DA-2D15D44F0A24}"
EndProject
Project("{2150E333-8FDC-42A3-9474-1A3956D46DE8}") = "APS.PDFConverter", "APS.PDFConverter", "{C2CE35FD-51B5-4AFA-98ED-410DF3813600}"
EndProject
Global
	GlobalSection(SolutionConfigurationPlatforms) = preSolution
		Debug|Any CPU = Debug|Any CPU
		Release|Any CPU = Release|Any CPU
	EndGlobalSection
	GlobalSection(ProjectConfigurationPlatforms) = postSolution
		{E26517ED-77CF-467C-810A-9113B69F76A3}.Debug|Any CPU.ActiveCfg = Debug|Any CPU
		{E26517ED-77CF-467C-810A-9113B69F76A3}.Debug|Any CPU.Build.0 = Debug|Any CPU
		{E26517ED-77CF-467C-810A-9113B69F76A3}.Release|Any CPU.ActiveCfg = Release|Any CPU
		{E26517ED-77CF-467C-810A-9113B69F76A3}.Release|Any CPU.Build.0 = Release|Any CPU
		{26C786D2-4660-4B89-922C-0F4D1E1A1544}.Debug|Any CPU.ActiveCfg = Debug|Any CPU
		{26C786D2-4660-4B89-922C-0F4D1E1A1544}.Debug|Any CPU.Build.0 = Debug|Any CPU
		{26C786D2-4660-4B89-922C-0F4D1E1A1544}.Release|Any CPU.ActiveCfg = Release|Any CPU
		{26C786D2-4660-4B89-922C-0F4D1E1A1544}.Release|Any CPU.Build.0 = Release|Any CPU
		{DBCD3A62-C8C8-4EC0-ABEA-DDED2CD1CC9B}.Debug|Any CPU.ActiveCfg = Debug|Any CPU
		{DBCD3A62-C8C8-4EC0-ABEA-DDED2CD1CC9B}.Debug|Any CPU.Build.0 = Debug|Any CPU
		{DBCD3A62-C8C8-4EC0-ABEA-DDED2CD1CC9B}.Release|Any CPU.ActiveCfg = Release|Any CPU
		{DBCD3A62-C8C8-4EC0-ABEA-DDED2CD1CC9B}.Release|Any CPU.Build.0 = Release|Any CPU
		{E4C6D41F-40AD-4D3E-935E-7C5A67DB4A0B}.Debug|Any CPU.ActiveCfg = Debug|Any CPU
		{E4C6D41F-40AD-4D3E-935E-7C5A67DB4A0B}.Debug|Any CPU.Build.0 = Debug|Any CPU
		{E4C6D41F-40AD-4D3E-935E-7C5A67DB4A0B}.Release|Any CPU.ActiveCfg = Release|Any CPU
		{E4C6D41F-40AD-4D3E-935E-7C5A67DB4A0B}.Release|Any CPU.Build.0 = Release|Any CPU
		{C133F27E-852C-4626-9139-F55A838D43E8}.Debug|Any CPU.ActiveCfg = Debug|Any CPU
		{C133F27E-852C-4626-9139-F55A838D43E8}.Debug|Any CPU.Build.0 = Debug|Any CPU
		{C133F27E-852C-4626-9139-F55A838D43E8}.Release|Any CPU.ActiveCfg = Release|Any CPU
		{C133F27E-852C-4626-9139-F55A838D43E8}.Release|Any CPU.Build.0 = Release|Any CPU
		{FC541FD3-7482-48F3-8F71-B637D4EDF7CE}.Debug|Any CPU.ActiveCfg = Debug|Any CPU
		{FC541FD3-7482-48F3-8F71-B637D4EDF7CE}.Debug|Any CPU.Build.0 = Debug|Any CPU
		{FC541FD3-7482-48F3-8F71-B637D4EDF7CE}.Release|Any CPU.ActiveCfg = Release|Any CPU
		{FC541FD3-7482-48F3-8F71-B637D4EDF7CE}.Release|Any CPU.Build.0 = Release|Any CPU
		{81226239-31D7-4779-A5B2-D14AA1E10CB0}.Debug|Any CPU.ActiveCfg = Debug|Any CPU
		{81226239-31D7-4779-A5B2-D14AA1E10CB0}.Debug|Any CPU.Build.0 = Debug|Any CPU
		{81226239-31D7-4779-A5B2-D14AA1E10CB0}.Release|Any CPU.ActiveCfg = Release|Any CPU
		{81226239-31D7-4779-A5B2-D14AA1E10CB0}.Release|Any CPU.Build.0 = Release|Any CPU
		{920C195F-89A7-480B-BB69-69802CB358B3}.Debug|Any CPU.ActiveCfg = Debug|Any CPU
		{920C195F-89A7-480B-BB69-69802CB358B3}.Debug|Any CPU.Build.0 = Debug|Any CPU
		{920C195F-89A7-480B-BB69-69802CB358B3}.Release|Any CPU.ActiveCfg = Release|Any CPU
		{920C195F-89A7-480B-BB69-69802CB358B3}.Release|Any CPU.Build.0 = Release|Any CPU
		{EEEEA2F2-DD72-47CA-B366-C4CA7C52CE8F}.Debug|Any CPU.ActiveCfg = Debug|Any CPU
		{EEEEA2F2-DD72-47CA-B366-C4CA7C52CE8F}.Debug|Any CPU.Build.0 = Debug|Any CPU
		{EEEEA2F2-DD72-47CA-B366-C4CA7C52CE8F}.Release|Any CPU.ActiveCfg = Release|Any CPU
		{EEEEA2F2-DD72-47CA-B366-C4CA7C52CE8F}.Release|Any CPU.Build.0 = Release|Any CPU
		{3A49A1F8-F205-4DAE-A8DA-2D15D44F0A24}.Debug|Any CPU.ActiveCfg = Debug|Any CPU
		{3A49A1F8-F205-4DAE-A8DA-2D15D44F0A24}.Debug|Any CPU.Build.0 = Debug|Any CPU
		{3A49A1F8-F205-4DAE-A8DA-2D15D44F0A24}.Release|Any CPU.ActiveCfg = Release|Any CPU
		{3A49A1F8-F205-4DAE-A8DA-2D15D44F0A24}.Release|Any CPU.Build.0 = Release|Any CPU
	EndGlobalSection
	GlobalSection(SolutionProperties) = preSolution
		HideSolutionNode = FALSE
	EndGlobalSection
	GlobalSection(NestedProjects) = preSolution
		{DBCD3A62-C8C8-4EC0-ABEA-DDED2CD1CC9B} = {C2CE35FD-51B5-4AFA-98ED-410DF3813600}
		{E4C6D41F-40AD-4D3E-935E-7C5A67DB4A0B} = {C2CE35FD-51B5-4AFA-98ED-410DF3813600}
		{C133F27E-852C-4626-9139-F55A838D43E8} = {C2CE35FD-51B5-4AFA-98ED-410DF3813600}
		{FC541FD3-7482-48F3-8F71-B637D4EDF7CE} = {C2CE35FD-51B5-4AFA-98ED-410DF3813600}
		{81226239-31D7-4779-A5B2-D14AA1E10CB0} = {C2CE35FD-51B5-4AFA-98ED-410DF3813600}
		{920C195F-89A7-480B-BB69-69802CB358B3} = {C2CE35FD-51B5-4AFA-98ED-410DF3813600}
	EndGlobalSection
	GlobalSection(ExtensibilityGlobals) = postSolution
		SolutionGuid = {83B6FCA1-7F99-4F4C-BEC7-16238767F287}
	EndGlobalSection
EndGlobal
